
Microsoft Visual Studio Solution File, Format Version 12.00
Project("{FAE04EC0-301F-11D3-BF4B-00C04F79EFBC}") = "SavedCardAdminTool", "SavedCardAdminTool\SavedCardAdminTool.csproj", "{193BEABC-27F1-49CA-8B71-7C17E449447C}"
EndProject
Project("{FAE04EC0-301F-11D3-BF4B-00C04F79EFBC}") = "TestProject1", "TestProject1\TestProject1.csproj", "{48BEA4F7-A83E-4987-A003-31A472BB2BF1}"
EndProject
Global
	GlobalSection(SolutionConfigurationPlatforms) = preSolution
		Debug|Any CPU = Debug|Any CPU
		Release|Any CPU = Release|Any CPU
	EndGlobalSection
	GlobalSection(ProjectConfigurationPlatforms) = postSolution
		{193BEABC-27F1-49CA-8B71-7C17E449447C}.Debug|Any CPU.ActiveCfg = Debug|Any CPU
		{193BEABC-27F1-49CA-8B71-7C17E449447C}.Debug|Any CPU.Build.0 = Debug|Any CPU
		{193BEABC-27F1-49CA-8B71-7C17E449447C}.Release|Any CPU.ActiveCfg = Release|Any CPU
		{193BEABC-27F1-49CA-8B71-7C17E449447C}.Release|Any CPU.Build.0 = Release|Any CPU
		{48BEA4F7-A83E-4987-A003-31A472BB2BF1}.Debug|Any CPU.ActiveCfg = Debug|Any CPU
		{48BEA4F7-A83E-4987-A003-31A472BB2BF1}.Debug|Any CPU.Build.0 = Debug|Any CPU
		{48BEA4F7-A83E-4987-A003-31A472BB2BF1}.Release|Any CPU.ActiveCfg = Release|Any CPU
		{48BEA4F7-A83E-4987-A003-31A472BB2BF1}.Release|Any CPU.Build.0 = Release|Any CPU
	EndGlobalSection
EndGlobal
